// !$*UTF8*$!
{
	archiveVersion = 1;
	classes = {
	};
	objectVersion = 55;
	objects = {

/* Begin PBXBuildFile section */
		C58B396A28383BB500CEE30E /* AppDelegate.swift in Sources */ = {isa = PBXBuildFile; fileRef = C58B396928383BB500CEE30E /* AppDelegate.swift */; };
		C58B396C28383BB500CEE30E /* SceneDelegate.swift in Sources */ = {isa = PBXBuildFile; fileRef = C58B396B28383BB500CEE30E /* SceneDelegate.swift */; };
		C58B396E28383BB500CEE30E /* ViewController.swift in Sources */ = {isa = PBXBuildFile; fileRef = C58B396D28383BB500CEE30E /* ViewController.swift */; };
		C58B397128383BB500CEE30E /* Main.storyboard in Resources */ = {isa = PBXBuildFile; fileRef = C58B396F28383BB500CEE30E /* Main.storyboard */; };
		C58B397428383BB500CEE30E /* Gaga.xcdatamodeld in Sources */ = {isa = PBXBuildFile; fileRef = C58B397228383BB500CEE30E /* Gaga.xcdatamodeld */; };
		C58B397628383BB700CEE30E /* Assets.xcassets in Resources */ = {isa = PBXBuildFile; fileRef = C58B397528383BB700CEE30E /* Assets.xcassets */; };
		C58B397928383BB700CEE30E /* LaunchScreen.storyboard in Resources */ = {isa = PBXBuildFile; fileRef = C58B397728383BB700CEE30E /* LaunchScreen.storyboard */; };
		C58B398128383CAA00CEE30E /* DataManager.swift in Sources */ = {isa = PBXBuildFile; fileRef = C58B398028383CAA00CEE30E /* DataManager.swift */; };
		C58B39832838457D00CEE30E /* TableTableViewController.swift in Sources */ = {isa = PBXBuildFile; fileRef = C58B39822838457D00CEE30E /* TableTableViewController.swift */; };
		C58B398528384AA400CEE30E /* PicViewController.swift in Sources */ = {isa = PBXBuildFile; fileRef = C58B398428384AA400CEE30E /* PicViewController.swift */; };
/* End PBXBuildFile section */

/* Begin PBXFileReference section */
		C58B396628383BB500CEE30E /* Gaga.app */ = {isa = PBXFileReference; explicitFileType = wrapper.application; includeInIndex = 0; path = Gaga.app; sourceTree = BUILT_PRODUCTS_DIR; };
		C58B396928383BB500CEE30E /* AppDelegate.swift */ = {isa = PBXFileReference; lastKnownFileType = sourcecode.swift; path = AppDelegate.swift; sourceTree = "<group>"; };
		C58B396B28383BB500CEE30E /* SceneDelegate.swift */ = {isa = PBXFileReference; lastKnownFileType = sourcecode.swift; path = SceneDelegate.swift; sourceTree = "<group>"; };
		C58B396D28383BB500CEE30E /* ViewController.swift */ = {isa = PBXFileReference; lastKnownFileType = sourcecode.swift; path = ViewController.swift; sourceTree = "<group>"; };
		C58B397028383BB500CEE30E /* Base */ = {isa = PBXFileReference; lastKnownFileType = file.storyboard; name = Base; path = Base.lproj/Main.storyboard; sourceTree = "<group>"; };
		C58B397328383BB500CEE30E /* Gaga.xcdatamodel */ = {isa = PBXFileReference; lastKnownFileType = wrapper.xcdatamodel; path = Gaga.xcdatamodel; sourceTree = "<group>"; };
		C58B397528383BB700CEE30E /* Assets.xcassets */ = {isa = PBXFileReference; lastKnownFileType = folder.assetcatalog; path = Assets.xcassets; sourceTree = "<group>"; };
		C58B397828383BB700CEE30E /* Base */ = {isa = PBXFileReference; lastKnownFileType = file.storyboard; name = Base; path = Base.lproj/LaunchScreen.storyboard; sourceTree = "<group>"; };
		C58B397A28383BB700CEE30E /* Info.plist */ = {isa = PBXFileReference; lastKnownFileType = text.plist.xml; path = Info.plist; sourceTree = "<group>"; };
		C58B398028383CAA00CEE30E /* DataManager.swift */ = {isa = PBXFileReference; lastKnownFileType = sourcecode.swift; path = DataManager.swift; sourceTree = "<group>"; };
		C58B39822838457D00CEE30E /* TableTableViewController.swift */ = {isa = PBXFileReference; lastKnownFileType = sourcecode.swift; path = TableTableViewController.swift; sourceTree = "<group>"; };
		C58B398428384AA400CEE30E /* PicViewController.swift */ = {isa = PBXFileReference; lastKnownFileType = sourcecode.swift; path = PicViewController.swift; sourceTree = "<group>"; };
/* End PBXFileReference section */

/* Begin PBXFrameworksBuildPhase section */
		C58B396328383BB500CEE30E /* Frameworks */ = {
			isa = PBXFrameworksBuildPhase;
			buildActionMask = 2147483647;
			files = (
			);
			runOnlyForDeploymentPostprocessing = 0;
		};
/* End PBXFrameworksBuildPhase section */

/* Begin PBXGroup section */
		C58B395D28383BB500CEE30E = {
			isa = PBXGroup;
			children = (
				C58B396828383BB500CEE30E /* Gaga */,
				C58B396728383BB500CEE30E /* Products */,
			);
			sourceTree = "<group>";
		};
		C58B396728383BB500CEE30E /* Products */ = {
			isa = PBXGroup;
			children = (
				C58B396628383BB500CEE30E /* Gaga.app */,
			);
			name = Products;
			sourceTree = "<group>";
		};
		C58B396828383BB500CEE30E /* Gaga */ = {
			isa = PBXGroup;
			children = (
				C58B396928383BB500CEE30E /* AppDelegate.swift */,
				C58B396B28383BB500CEE30E /* SceneDelegate.swift */,
				C58B396D28383BB500CEE30E /* ViewController.swift */,
				C58B396F28383BB500CEE30E /* Main.storyboard */,
				C58B397528383BB700CEE30E /* Assets.xcassets */,
				C58B397728383BB700CEE30E /* LaunchScreen.storyboard */,
				C58B397A28383BB700CEE30E /* Info.plist */,
				C58B397228383BB500CEE30E /* Gaga.xcdatamodeld */,
				C58B398028383CAA00CEE30E /* DataManager.swift */,
				C58B39822838457D00CEE30E /* TableTableViewController.swift */,
				C58B398428384AA400CEE30E /* PicViewController.swift */,
			);
			path = Gaga;
			sourceTree = "<group>";
		};
/* End PBXGroup section */

/* Begin PBXNativeTarget section */
		C58B396528383BB500CEE30E /* Gaga */ = {
			isa = PBXNativeTarget;
			buildConfigurationList = C58B397D28383BB700CEE30E /* Build configuration list for PBXNativeTarget "Gaga" */;
			buildPhases = (
				C58B396228383BB500CEE30E /* Sources */,
				C58B396328383BB500CEE30E /* Frameworks */,
				C58B396428383BB500CEE30E /* Resources */,
			);
			buildRules = (
			);
			dependencies = (
			);
			name = Gaga;
			productName = Gaga;
			productReference = C58B396628383BB500CEE30E /* Gaga.app */;
			productType = "com.apple.product-type.application";
		};
/* End PBXNativeTarget section */

/* Begin PBXProject section */
		C58B395E28383BB500CEE30E /* Project object */ = {
			isa = PBXProject;
			attributes = {
				BuildIndependentTargetsInParallel = 1;
				LastSwiftUpdateCheck = 1330;
				LastUpgradeCheck = 1330;
				TargetAttributes = {
					C58B396528383BB500CEE30E = {
						CreatedOnToolsVersion = 13.3;
					};
				};
			};
			buildConfigurationList = C58B396128383BB500CEE30E /* Build configuration list for PBXProject "Gaga" */;
			compatibilityVersion = "Xcode 13.0";
			developmentRegion = en;
			hasScannedForEncodings = 0;
			knownRegions = (
				en,
				Base,
			);
			mainGroup = C58B395D28383BB500CEE30E;
			productRefGroup = C58B396728383BB500CEE30E /* Products */;
			projectDirPath = "";
			projectRoot = "";
			targets = (
				C58B396528383BB500CEE30E /* Gaga */,
			);
		};
/* End PBXProject section */

/* Begin PBXResourcesBuildPhase section */
		C58B396428383BB500CEE30E /* Resources */ = {
			isa = PBXResourcesBuildPhase;
			buildActionMask = 2147483647;
			files = (
				C58B397928383BB700CEE30E /* LaunchScreen.storyboard in Resources */,
				C58B397628383BB700CEE30E /* Assets.xcassets in Resources */,
				C58B397128383BB500CEE30E /* Main.storyboard in Resources */,
			);
			runOnlyForDeploymentPostprocessing = 0;
		};
/* End PBXResourcesBuildPhase section */

/* Begin PBXSourcesBuildPhase section */
		C58B396228383BB500CEE30E /* Sources */ = {
			isa = PBXSourcesBuildPhase;
			buildActionMask = 2147483647;
			files = (
				C58B396E28383BB500CEE30E /* ViewController.swift in Sources */,
				C58B398128383CAA00CEE30E /* DataManager.swift in Sources */,
				C58B397428383BB500CEE30E /* Gaga.xcdatamodeld in Sources */,
				C58B398528384AA400CEE30E /* PicViewController.swift in Sources */,
				C58B396A28383BB500CEE30E /* AppDelegate.swift in Sources */,
				C58B39832838457D00CEE30E /* TableTableViewController.swift in Sources */,
				C58B396C28383BB500CEE30E /* SceneDelegate.swift in Sources */,
			);
			runOnlyForDeploymentPostprocessing = 0;
		};
/* End PBXSourcesBuildPhase section */

/* Begin PBXVariantGroup section */
		C58B396F28383BB500CEE30E /* Main.storyboard */ = {
			isa = PBXVariantGroup;
			children = (
				C58B397028383BB500CEE30E /* Base */,
			);
			name = Main.storyboard;
			sourceTree = "<group>";
		};
		C58B397728383BB700CEE30E /* LaunchScreen.storyboard */ = {
			isa = PBXVariantGroup;
			children = (
				C58B397828383BB700CEE30E /* Base */,
			);
			name = LaunchScreen.storyboard;
			sourceTree = "<group>";
		};
/* End PBXVariantGroup section */

/* Begin XCBuildConfiguration section */
		C58B397B28383BB700CEE30E /* Debug */ = {
			isa = XCBuildConfiguration;
			buildSettings = {
				ALWAYS_SEARCH_USER_PATHS = NO;
				CLANG_ANALYZER_NONNULL = YES;
				CLANG_ANALYZER_NUMBER_OBJECT_CONVERSION = YES_AGGRESSIVE;
				CLANG_CXX_LANGUAGE_STANDARD = "gnu++17";
				CLANG_ENABLE_MODULES = YES;
				CLANG_ENABLE_OBJC_ARC = YES;
				CLANG_ENABLE_OBJC_WEAK = YES;
				CLANG_WARN_BLOCK_CAPTURE_AUTORELEASING = YES;
				CLANG_WARN_BOOL_CONVERSION = YES;
				CLANG_WARN_COMMA = YES;
				CLANG_WARN_CONSTANT_CONVERSION = YES;
				CLANG_WARN_DEPRECATED_OBJC_IMPLEMENTATIONS = YES;
				CLANG_WARN_DIRECT_OBJC_ISA_USAGE = YES_ERROR;
				CLANG_WARN_DOCUMENTATION_COMMENTS = YES;
				CLANG_WARN_EMPTY_BODY = YES;
				CLANG_WARN_ENUM_CONVERSION = YES;
				CLANG_WARN_INFINITE_RECURSION = YES;
				CLANG_WARN_INT_CONVERSION = YES;
				CLANG_WARN_NON_LITERAL_NULL_CONVERSION = YES;
				CLANG_WARN_OBJC_IMPLICIT_RETAIN_SELF = YES;
				CLANG_WARN_OBJC_LITERAL_CONVERSION = YES;
				CLANG_WARN_OBJC_ROOT_CLASS = YES_ERROR;
				CLANG_WARN_QUOTED_INCLUDE_IN_FRAMEWORK_HEADER = YES;
				CLANG_WARN_RANGE_LOOP_ANALYSIS = YES;
				CLANG_WARN_STRICT_PROTOTYPES = YES;
				CLANG_WARN_SUSPICIOUS_MOVE = YES;
				CLANG_WARN_UNGUARDED_AVAILABILITY = YES_AGGRESSIVE;
				CLANG_WARN_UNREACHABLE_CODE = YES;
				CLANG_WARN__DUPLICATE_METHOD_MATCH = YES;
				COPY_PHASE_STRIP = NO;
				DEBUG_INFORMATION_FORMAT = dwarf;
				ENABLE_STRICT_OBJC_MSGSEND = YES;
				ENABLE_TESTABILITY = YES;
				GCC_C_LANGUAGE_STANDARD = gnu11;
				GCC_DYNAMIC_NO_PIC = NO;
				GCC_NO_COMMON_BLOCKS = YES;
				GCC_OPTIMIZATION_LEVEL = 0;
				GCC_PREPROCESSOR_DEFINITIONS = (
					"DEBUG=1",
					"$(inherited)",
				);
				GCC_WARN_64_TO_32_BIT_CONVERSION = YES;
				GCC_WARN_ABOUT_RETURN_TYPE = YES_ERROR;
				GCC_WARN_UNDECLARED_SELECTOR = YES;
				GCC_WARN_UNINITIALIZED_AUTOS = YES_AGGRESSIVE;
				GCC_WARN_UNUSED_FUNCTION = YES;
				GCC_WARN_UNUSED_VARIABLE = YES;
				IPHONEOS_DEPLOYMENT_TARGET = 15.4;
				MTL_ENABLE_DEBUG_INFO = INCLUDE_SOURCE;
				MTL_FAST_MATH = YES;
				ONLY_ACTIVE_ARCH = YES;
				SDKROOT = iphoneos;
				SWIFT_ACTIVE_COMPILATION_CONDITIONS = DEBUG;
				SWIFT_OPTIMIZATION_LEVEL = "-Onone";
			};
			name = Debug;
		};
		C58B397C28383BB700CEE30E /* Release */ = {
			isa = XCBuildConfiguration;
			buildSettings = {
				ALWAYS_SEARCH_USER_PATHS = NO;
				CLANG_ANALYZER_NONNULL = YES;
				CLANG_ANALYZER_NUMBER_OBJECT_CONVERSION = YES_AGGRESSIVE;
				CLANG_CXX_LANGUAGE_STANDARD = "gnu++17";
				CLANG_ENABLE_MODULES = YES;
				CLANG_ENABLE_OBJC_ARC = YES;
				CLANG_ENABLE_OBJC_WEAK = YES;
				CLANG_WARN_BLOCK_CAPTURE_AUTORELEASING = YES;
				CLANG_WARN_BOOL_CONVERSION = YES;
				CLANG_WARN_COMMA = YES;
				CLANG_WARN_CONSTANT_CONVERSION = YES;
				CLANG_WARN_DEPRECATED_OBJC_IMPLEMENTATIONS = YES;
				CLANG_WARN_DIRECT_OBJC_ISA_USAGE = YES_ERROR;
				CLANG_WARN_DOCUMENTATION_COMMENTS = YES;
				CLANG_WARN_EMPTY_BODY = YES;
				CLANG_WARN_ENUM_CONVERSION = YES;
				CLANG_WARN_INFINITE_RECURSION = YES;
				CLANG_WARN_INT_CONVERSION = YES;
				CLANG_WARN_NON_LITERAL_NULL_CONVERSION = YES;
				CLANG_WARN_OBJC_IMPLICIT_RETAIN_SELF = YES;
				CLANG_WARN_OBJC_LITERAL_CONVERSION = YES;
				CLANG_WARN_OBJC_ROOT_CLASS = YES_ERROR;
				CLANG_WARN_QUOTED_INCLUDE_IN_FRAMEWORK_HEADER = YES;
				CLANG_WARN_RANGE_LOOP_ANALYSIS = YES;
				CLANG_WARN_STRICT_PROTOTYPES = YES;
				CLANG_WARN_SUSPICIOUS_MOVE = YES;
				CLANG_WARN_UNGUARDED_AVAILABILITY = YES_AGGRESSIVE;
				CLANG_WARN_UNREACHABLE_CODE = YES;
				CLANG_WARN__DUPLICATE_METHOD_MATCH = YES;
				COPY_PHASE_STRIP = NO;
				DEBUG_INFORMATION_FORMAT = "dwarf-with-dsym";
				ENABLE_NS_ASSERTIONS = NO;
				ENABLE_STRICT_OBJC_MSGSEND = YES;
				GCC_C_LANGUAGE_STANDARD = gnu11;
				GCC_NO_COMMON_BLOCKS = YES;
				GCC_WARN_64_TO_32_BIT_CONVERSION = YES;
				GCC_WARN_ABOUT_RETURN_TYPE = YES_ERROR;
				GCC_WARN_UNDECLARED_SELECTOR = YES;
				GCC_WARN_UNINITIALIZED_AUTOS = YES_AGGRESSIVE;
				GCC_WARN_UNUSED_FUNCTION = YES;
				GCC_WARN_UNUSED_VARIABLE = YES;
				IPHONEOS_DEPLOYMENT_TARGET = 15.4;
				MTL_ENABLE_DEBUG_INFO = NO;
				MTL_FAST_MATH = YES;
				SDKROOT = iphoneos;
				SWIFT_COMPILATION_MODE = wholemodule;
				SWIFT_OPTIMIZATION_LEVEL = "-O";
				VALIDATE_PRODUCT = YES;
			};
			name = Release;
		};
		C58B397E28383BB700CEE30E /* Debug */ = {
			isa = XCBuildConfiguration;
			buildSettings = {
				ASSETCATALOG_COMPILER_APPICON_NAME = AppIcon;
				ASSETCATALOG_COMPILER_GLOBAL_ACCENT_COLOR_NAME = AccentColor;
				CODE_SIGN_STYLE = Automatic;
				CURRENT_PROJECT_VERSION = 1;
				DEVELOPMENT_TEAM = XZ97456894;
				GENERATE_INFOPLIST_FILE = YES;
				INFOPLIST_FILE = Gaga/Info.plist;
				INFOPLIST_KEY_UIApplicationSupportsIndirectInputEvents = YES;
				INFOPLIST_KEY_UILaunchStoryboardName = LaunchScreen;
				INFOPLIST_KEY_UIMainStoryboardFile = Main;
				INFOPLIST_KEY_UISupportedInterfaceOrientations_iPad = "UIInterfaceOrientationPortrait UIInterfaceOrientationPortraitUpsideDown UIInterfaceOrientationLandscapeLeft UIInterfaceOrientationLandscapeRight";
				INFOPLIST_KEY_UISupportedInterfaceOrientations_iPhone = "UIInterfaceOrientationPortrait UIInterfaceOrientationLandscapeLeft UIInterfaceOrientationLandscapeRight";
				LD_RUNPATH_SEARCH_PATHS = (
					"$(inherited)",
					"@executable_path/Frameworks",
				);
				MARKETING_VERSION = 1.0;
				PRODUCT_BUNDLE_IDENTIFIER = viviana.cruz.Gaga;
				PRODUCT_NAME = "$(TARGET_NAME)";
				SWIFT_EMIT_LOC_STRINGS = YES;
				SWIFT_VERSION = 5.0;
				TARGETED_DEVICE_FAMILY = "1,2";
			};
			name = Debug;
		};
		C58B397F28383BB700CEE30E /* Release */ = {
			isa = XCBuildConfiguration;
			buildSettings = {
				ASSETCATALOG_COMPILER_APPICON_NAME = AppIcon;
				ASSETCATALOG_COMPILER_GLOBAL_ACCENT_COLOR_NAME = AccentColor;
				CODE_SIGN_STYLE = Automatic;
				CURRENT_PROJECT_VERSION = 1;
				DEVELOPMENT_TEAM = XZ97456894;
				GENERATE_INFOPLIST_FILE = YES;
				INFOPLIST_FILE = Gaga/Info.plist;
				INFOPLIST_KEY_UIApplicationSupportsIndirectInputEvents = YES;
				INFOPLIST_KEY_UILaunchStoryboardName = LaunchScreen;
				INFOPLIST_KEY_UIMainStoryboardFile = Main;
				INFOPLIST_KEY_UISupportedInterfaceOrientations_iPad = "UIInterfaceOrientationPortrait UIInterfaceOrientationPortraitUpsideDown UIInterfaceOrientationLandscapeLeft UIInterfaceOrientationLandscapeRight";
				INFOPLIST_KEY_UISupportedInterfaceOrientations_iPhone = "UIInterfaceOrientationPortrait UIInterfaceOrientationLandscapeLeft UIInterfaceOrientationLandscapeRight";
				LD_RUNPATH_SEARCH_PATHS = (
					"$(inherited)",
					"@executable_path/Frameworks",
				);
				MARKETING_VERSION = 1.0;
				PRODUCT_BUNDLE_IDENTIFIER = viviana.cruz.Gaga;
				PRODUCT_NAME = "$(TARGET_NAME)";
				SWIFT_EMIT_LOC_STRINGS = YES;
				SWIFT_VERSION = 5.0;
				TARGETED_DEVICE_FAMILY = "1,2";
			};
			name = Release;
		};
/* End XCBuildConfiguration section */

/* Begin XCConfigurationList section */
		C58B396128383BB500CEE30E /* Build configuration list for PBXProject "Gaga" */ = {
			isa = XCConfigurationList;
			buildConfigurations = (
				C58B397B28383BB700CEE30E /* Debug */,
				C58B397C28383BB700CEE30E /* Release */,
			);
			defaultConfigurationIsVisible = 0;
			defaultConfigurationName = Release;
		};
		C58B397D28383BB700CEE30E /* Build configuration list for PBXNativeTarget "Gaga" */ = {
			isa = XCConfigurationList;
			buildConfigurations = (
				C58B397E28383BB700CEE30E /* Debug */,
				C58B397F28383BB700CEE30E /* Release */,
			);
			defaultConfigurationIsVisible = 0;
			defaultConfigurationName = Release;
		};
/* End XCConfigurationList section */

/* Begin XCVersionGroup section */
		C58B397228383BB500CEE30E /* Gaga.xcdatamodeld */ = {
			isa = XCVersionGroup;
			children = (
				C58B397328383BB500CEE30E /* Gaga.xcdatamodel */,
			);
			currentVersion = C58B397328383BB500CEE30E /* Gaga.xcdatamodel */;
			path = Gaga.xcdatamodeld;
			sourceTree = "<group>";
			versionGroupType = wrapper.xcdatamodel;
		};
/* End XCVersionGroup section */
	};
	rootObject = C58B395E28383BB500CEE30E /* Project object */;
}
